// !$*UTF8*$!
{
	archiveVersion = 1;
	classes = {
	};
	objectVersion = 50;
	objects = {

/* Begin PBXBuildFile section */
		8D1A50552244DBBD00C36C66 /* Git_Branch_Naming_Creator_Tests.swift in Sources */ = {isa = PBXBuildFile; fileRef = 8D1A50542244DBBD00C36C66 /* Git_Branch_Naming_Creator_Tests.swift */; };
		8DBE0346234F6B8100A804FF /* PasteboardAssistant.swift in Sources */ = {isa = PBXBuildFile; fileRef = 8DBE0345234F6B8100A804FF /* PasteboardAssistant.swift */; };
		8DBE034A234F886900A804FF /* PasteboardAssistantTests.swift in Sources */ = {isa = PBXBuildFile; fileRef = 8DBE0349234F886900A804FF /* PasteboardAssistantTests.swift */; };
		8DCDB1D52243E14F009F5F06 /* AppDelegate.swift in Sources */ = {isa = PBXBuildFile; fileRef = 8DCDB1D42243E14F009F5F06 /* AppDelegate.swift */; };
		8DCDB1D72243E14F009F5F06 /* MainViewController.swift in Sources */ = {isa = PBXBuildFile; fileRef = 8DCDB1D62243E14F009F5F06 /* MainViewController.swift */; };
		8DCDB1D92243E151009F5F06 /* Assets.xcassets in Resources */ = {isa = PBXBuildFile; fileRef = 8DCDB1D82243E151009F5F06 /* Assets.xcassets */; };
		8DCDB1DC2243E151009F5F06 /* Main.storyboard in Resources */ = {isa = PBXBuildFile; fileRef = 8DCDB1DA2243E151009F5F06 /* Main.storyboard */; };
		8DCDB1E92243ECB3009F5F06 /* BranchNameConvertorType.swift in Sources */ = {isa = PBXBuildFile; fileRef = 8DCDB1E82243ECB3009F5F06 /* BranchNameConvertorType.swift */; };
		8DCDB1EB2243ED30009F5F06 /* BranchNameConvertor.swift in Sources */ = {isa = PBXBuildFile; fileRef = 8DCDB1EA2243ED30009F5F06 /* BranchNameConvertor.swift */; };
		8DFF32B3224528ED00B607CC /* Screen.swift in Sources */ = {isa = PBXBuildFile; fileRef = 8DFF32B2224528ED00B607CC /* Screen.swift */; };
/* End PBXBuildFile section */

/* Begin PBXContainerItemProxy section */
		8D1A50572244DBBD00C36C66 /* PBXContainerItemProxy */ = {
			isa = PBXContainerItemProxy;
			containerPortal = 8DCDB1C92243E14F009F5F06 /* Project object */;
			proxyType = 1;
			remoteGlobalIDString = 8DCDB1D02243E14F009F5F06;
			remoteInfo = "Git Branch Naming Creator";
		};
/* End PBXContainerItemProxy section */

/* Begin PBXFileReference section */
		8D1A50522244DBBC00C36C66 /* Git Branch Naming Creator Tests.xctest */ = {isa = PBXFileReference; explicitFileType = wrapper.cfbundle; includeInIndex = 0; path = "Git Branch Naming Creator Tests.xctest"; sourceTree = BUILT_PRODUCTS_DIR; };
		8D1A50542244DBBD00C36C66 /* Git_Branch_Naming_Creator_Tests.swift */ = {isa = PBXFileReference; lastKnownFileType = sourcecode.swift; path = Git_Branch_Naming_Creator_Tests.swift; sourceTree = "<group>"; };
		8D1A50562244DBBD00C36C66 /* Info.plist */ = {isa = PBXFileReference; lastKnownFileType = text.plist.xml; path = Info.plist; sourceTree = "<group>"; };
		8DBE0345234F6B8100A804FF /* PasteboardAssistant.swift */ = {isa = PBXFileReference; lastKnownFileType = sourcecode.swift; path = PasteboardAssistant.swift; sourceTree = "<group>"; };
		8DBE0349234F886900A804FF /* PasteboardAssistantTests.swift */ = {isa = PBXFileReference; lastKnownFileType = sourcecode.swift; path = PasteboardAssistantTests.swift; sourceTree = "<group>"; };
		8DCDB1D12243E14F009F5F06 /* Git Branch Naming Creator.app */ = {isa = PBXFileReference; explicitFileType = wrapper.application; includeInIndex = 0; path = "Git Branch Naming Creator.app"; sourceTree = BUILT_PRODUCTS_DIR; };
		8DCDB1D42243E14F009F5F06 /* AppDelegate.swift */ = {isa = PBXFileReference; lastKnownFileType = sourcecode.swift; path = AppDelegate.swift; sourceTree = "<group>"; };
		8DCDB1D62243E14F009F5F06 /* MainViewController.swift */ = {isa = PBXFileReference; lastKnownFileType = sourcecode.swift; path = MainViewController.swift; sourceTree = "<group>"; };
		8DCDB1D82243E151009F5F06 /* Assets.xcassets */ = {isa = PBXFileReference; lastKnownFileType = folder.assetcatalog; path = Assets.xcassets; sourceTree = "<group>"; };
		8DCDB1DB2243E151009F5F06 /* Base */ = {isa = PBXFileReference; lastKnownFileType = file.storyboard; name = Base; path = Base.lproj/Main.storyboard; sourceTree = "<group>"; };
		8DCDB1DD2243E151009F5F06 /* Info.plist */ = {isa = PBXFileReference; lastKnownFileType = text.plist.xml; path = Info.plist; sourceTree = "<group>"; };
		8DCDB1E82243ECB3009F5F06 /* BranchNameConvertorType.swift */ = {isa = PBXFileReference; lastKnownFileType = sourcecode.swift; path = BranchNameConvertorType.swift; sourceTree = "<group>"; };
		8DCDB1EA2243ED30009F5F06 /* BranchNameConvertor.swift */ = {isa = PBXFileReference; lastKnownFileType = sourcecode.swift; path = BranchNameConvertor.swift; sourceTree = "<group>"; };
		8DFF32B2224528ED00B607CC /* Screen.swift */ = {isa = PBXFileReference; lastKnownFileType = sourcecode.swift; path = Screen.swift; sourceTree = "<group>"; };
/* End PBXFileReference section */

/* Begin PBXFrameworksBuildPhase section */
		8D1A504F2244DBBC00C36C66 /* Frameworks */ = {
			isa = PBXFrameworksBuildPhase;
			buildActionMask = 2147483647;
			files = (
			);
			runOnlyForDeploymentPostprocessing = 0;
		};
		8DCDB1CE2243E14F009F5F06 /* Frameworks */ = {
			isa = PBXFrameworksBuildPhase;
			buildActionMask = 2147483647;
			files = (
			);
			runOnlyForDeploymentPostprocessing = 0;
		};
/* End PBXFrameworksBuildPhase section */

/* Begin PBXGroup section */
		8D1A50532244DBBD00C36C66 /* Git Branch Naming Creator Tests */ = {
			isa = PBXGroup;
			children = (
				8D1A50542244DBBD00C36C66 /* Git_Branch_Naming_Creator_Tests.swift */,
				8DBE0349234F886900A804FF /* PasteboardAssistantTests.swift */,
				8D1A50562244DBBD00C36C66 /* Info.plist */,
			);
			path = "Git Branch Naming Creator Tests";
			sourceTree = "<group>";
		};
		8DCDB1C82243E14F009F5F06 = {
			isa = PBXGroup;
			children = (
				8DCDB1D32243E14F009F5F06 /* Git Branch Naming Creator */,
				8D1A50532244DBBD00C36C66 /* Git Branch Naming Creator Tests */,
				8DCDB1D22243E14F009F5F06 /* Products */,
			);
			sourceTree = "<group>";
		};
		8DCDB1D22243E14F009F5F06 /* Products */ = {
			isa = PBXGroup;
			children = (
				8DCDB1D12243E14F009F5F06 /* Git Branch Naming Creator.app */,
				8D1A50522244DBBC00C36C66 /* Git Branch Naming Creator Tests.xctest */,
			);
			name = Products;
			sourceTree = "<group>";
		};
		8DCDB1D32243E14F009F5F06 /* Git Branch Naming Creator */ = {
			isa = PBXGroup;
			children = (
				8DFF32B1224528DE00B607CC /* Helpers */,
				8DCDB1E72243EC4C009F5F06 /* Convertor */,
				8DCDB1E52243E1FE009F5F06 /* Main */,
				8DCDB1E62243E206009F5F06 /* ViewControllers */,
				8DCDB1E42243E1D4009F5F06 /* Resources */,
			);
			path = "Git Branch Naming Creator";
			sourceTree = "<group>";
		};
		8DCDB1E42243E1D4009F5F06 /* Resources */ = {
			isa = PBXGroup;
			children = (
				8DCDB1D82243E151009F5F06 /* Assets.xcassets */,
				8DCDB1DA2243E151009F5F06 /* Main.storyboard */,
				8DCDB1DD2243E151009F5F06 /* Info.plist */,
			);
			path = Resources;
			sourceTree = "<group>";
		};
		8DCDB1E52243E1FE009F5F06 /* Main */ = {
			isa = PBXGroup;
			children = (
				8DCDB1D42243E14F009F5F06 /* AppDelegate.swift */,
			);
			path = Main;
			sourceTree = "<group>";
		};
		8DCDB1E62243E206009F5F06 /* ViewControllers */ = {
			isa = PBXGroup;
			children = (
				8DCDB1D62243E14F009F5F06 /* MainViewController.swift */,
			);
			path = ViewControllers;
			sourceTree = "<group>";
		};
		8DCDB1E72243EC4C009F5F06 /* Convertor */ = {
			isa = PBXGroup;
			children = (
				8DCDB1E82243ECB3009F5F06 /* BranchNameConvertorType.swift */,
				8DCDB1EA2243ED30009F5F06 /* BranchNameConvertor.swift */,
			);
			path = Convertor;
			sourceTree = "<group>";
		};
		8DFF32B1224528DE00B607CC /* Helpers */ = {
			isa = PBXGroup;
			children = (
				8DFF32B2224528ED00B607CC /* Screen.swift */,
				8DBE0345234F6B8100A804FF /* PasteboardAssistant.swift */,
			);
			path = Helpers;
			sourceTree = "<group>";
		};
/* End PBXGroup section */

/* Begin PBXNativeTarget section */
		8D1A50512244DBBC00C36C66 /* Git Branch Naming Creator Tests */ = {
			isa = PBXNativeTarget;
			buildConfigurationList = 8D1A50592244DBBD00C36C66 /* Build configuration list for PBXNativeTarget "Git Branch Naming Creator Tests" */;
			buildPhases = (
				8D1A504E2244DBBC00C36C66 /* Sources */,
				8D1A504F2244DBBC00C36C66 /* Frameworks */,
				8D1A50502244DBBC00C36C66 /* Resources */,
			);
			buildRules = (
			);
			dependencies = (
				8D1A50582244DBBD00C36C66 /* PBXTargetDependency */,
			);
			name = "Git Branch Naming Creator Tests";
			productName = "Git Branch Naming Creator Tests";
			productReference = 8D1A50522244DBBC00C36C66 /* Git Branch Naming Creator Tests.xctest */;
			productType = "com.apple.product-type.bundle.unit-test";
		};
		8DCDB1D02243E14F009F5F06 /* Git Branch Naming Creator */ = {
			isa = PBXNativeTarget;
			buildConfigurationList = 8DCDB1E12243E151009F5F06 /* Build configuration list for PBXNativeTarget "Git Branch Naming Creator" */;
			buildPhases = (
				8DCDB1CD2243E14F009F5F06 /* Sources */,
				8DCDB1CE2243E14F009F5F06 /* Frameworks */,
				8DCDB1CF2243E14F009F5F06 /* Resources */,
			);
			buildRules = (
			);
			dependencies = (
			);
			name = "Git Branch Naming Creator";
			productName = "Git Branch Naming Creator";
			productReference = 8DCDB1D12243E14F009F5F06 /* Git Branch Naming Creator.app */;
			productType = "com.apple.product-type.application";
		};
/* End PBXNativeTarget section */

/* Begin PBXProject section */
		8DCDB1C92243E14F009F5F06 /* Project object */ = {
			isa = PBXProject;
			attributes = {
				LastSwiftUpdateCheck = 1010;
				LastUpgradeCheck = 1010;
				ORGANIZATIONNAME = Galushka;
				TargetAttributes = {
					8D1A50512244DBBC00C36C66 = {
						CreatedOnToolsVersion = 10.1;
						LastSwiftMigration = 1100;
						TestTargetID = 8DCDB1D02243E14F009F5F06;
					};
					8DCDB1D02243E14F009F5F06 = {
						CreatedOnToolsVersion = 10.1;
						LastSwiftMigration = 1100;
					};
				};
			};
			buildConfigurationList = 8DCDB1CC2243E14F009F5F06 /* Build configuration list for PBXProject "Git Branch Naming Creator" */;
			compatibilityVersion = "Xcode 9.3";
			developmentRegion = en;
			hasScannedForEncodings = 0;
			knownRegions = (
				en,
				Base,
			);
			mainGroup = 8DCDB1C82243E14F009F5F06;
			productRefGroup = 8DCDB1D22243E14F009F5F06 /* Products */;
			projectDirPath = "";
			projectRoot = "";
			targets = (
				8DCDB1D02243E14F009F5F06 /* Git Branch Naming Creator */,
				8D1A50512244DBBC00C36C66 /* Git Branch Naming Creator Tests */,
			);
		};
/* End PBXProject section */

/* Begin PBXResourcesBuildPhase section */
		8D1A50502244DBBC00C36C66 /* Resources */ = {
			isa = PBXResourcesBuildPhase;
			buildActionMask = 2147483647;
			files = (
			);
			runOnlyForDeploymentPostprocessing = 0;
		};
		8DCDB1CF2243E14F009F5F06 /* Resources */ = {
			isa = PBXResourcesBuildPhase;
			buildActionMask = 2147483647;
			files = (
				8DCDB1D92243E151009F5F06 /* Assets.xcassets in Resources */,
				8DCDB1DC2243E151009F5F06 /* Main.storyboard in Resources */,
			);
			runOnlyForDeploymentPostprocessing = 0;
		};
/* End PBXResourcesBuildPhase section */

/* Begin PBXSourcesBuildPhase section */
		8D1A504E2244DBBC00C36C66 /* Sources */ = {
			isa = PBXSourcesBuildPhase;
			buildActionMask = 2147483647;
			files = (
				8D1A50552244DBBD00C36C66 /* Git_Branch_Naming_Creator_Tests.swift in Sources */,
				8DBE034A234F886900A804FF /* PasteboardAssistantTests.swift in Sources */,
			);
			runOnlyForDeploymentPostprocessing = 0;
		};
		8DCDB1CD2243E14F009F5F06 /* Sources */ = {
			isa = PBXSourcesBuildPhase;
			buildActionMask = 2147483647;
			files = (
				8DFF32B3224528ED00B607CC /* Screen.swift in Sources */,
				8DCDB1D72243E14F009F5F06 /* MainViewController.swift in Sources */,
				8DCDB1EB2243ED30009F5F06 /* BranchNameConvertor.swift in Sources */,
				8DBE0346234F6B8100A804FF /* PasteboardAssistant.swift in Sources */,
				8DCDB1E92243ECB3009F5F06 /* BranchNameConvertorType.swift in Sources */,
				8DCDB1D52243E14F009F5F06 /* AppDelegate.swift in Sources */,
			);
			runOnlyForDeploymentPostprocessing = 0;
		};
/* End PBXSourcesBuildPhase section */

/* Begin PBXTargetDependency section */
		8D1A50582244DBBD00C36C66 /* PBXTargetDependency */ = {
			isa = PBXTargetDependency;
			target = 8DCDB1D02243E14F009F5F06 /* Git Branch Naming Creator */;
			targetProxy = 8D1A50572244DBBD00C36C66 /* PBXContainerItemProxy */;
		};
/* End PBXTargetDependency section */

/* Begin PBXVariantGroup section */
		8DCDB1DA2243E151009F5F06 /* Main.storyboard */ = {
			isa = PBXVariantGroup;
			children = (
				8DCDB1DB2243E151009F5F06 /* Base */,
			);
			name = Main.storyboard;
			sourceTree = "<group>";
		};
/* End PBXVariantGroup section */

/* Begin XCBuildConfiguration section */
		8D1A505A2244DBBD00C36C66 /* Debug */ = {
			isa = XCBuildConfiguration;
			buildSettings = {
				BUNDLE_LOADER = "$(TEST_HOST)";
				CODE_SIGN_IDENTITY = "-";
				CODE_SIGN_STYLE = Manual;
				COMBINE_HIDPI_IMAGES = YES;
				DEVELOPMENT_TEAM = "";
				INFOPLIST_FILE = "Git Branch Naming Creator Tests/Info.plist";
				LD_RUNPATH_SEARCH_PATHS = (
					"$(inherited)",
					"@executable_path/../Frameworks",
					"@loader_path/../Frameworks",
				);
				PRODUCT_BUNDLE_IDENTIFIER = "Halushka.Git-Branch-Naming-Creator-Tests";
				PRODUCT_NAME = "$(TARGET_NAME)";
				PROVISIONING_PROFILE_SPECIFIER = "";
				SWIFT_VERSION = 5.0;
				TEST_HOST = "$(BUILT_PRODUCTS_DIR)/Git Branch Naming Creator.app/Contents/MacOS/Git Branch Naming Creator";
			};
			name = Debug;
		};
		8D1A505B2244DBBD00C36C66 /* Release */ = {
			isa = XCBuildConfiguration;
			buildSettings = {
				BUNDLE_LOADER = "$(TEST_HOST)";
				CODE_SIGN_IDENTITY = "-";
				CODE_SIGN_STYLE = Manual;
				COMBINE_HIDPI_IMAGES = YES;
				DEVELOPMENT_TEAM = "";
				INFOPLIST_FILE = "Git Branch Naming Creator Tests/Info.plist";
				LD_RUNPATH_SEARCH_PATHS = (
					"$(inherited)",
					"@executable_path/../Frameworks",
					"@loader_path/../Frameworks",
				);
				PRODUCT_BUNDLE_IDENTIFIER = "Halushka.Git-Branch-Naming-Creator-Tests";
				PRODUCT_NAME = "$(TARGET_NAME)";
				PROVISIONING_PROFILE_SPECIFIER = "";
				SWIFT_VERSION = 5.0;
				TEST_HOST = "$(BUILT_PRODUCTS_DIR)/Git Branch Naming Creator.app/Contents/MacOS/Git Branch Naming Creator";
			};
			name = Release;
		};
		8DCDB1DF2243E151009F5F06 /* Debug */ = {
			isa = XCBuildConfiguration;
			buildSettings = {
				ALWAYS_SEARCH_USER_PATHS = NO;
				CLANG_ANALYZER_NONNULL = YES;
				CLANG_ANALYZER_NUMBER_OBJECT_CONVERSION = YES_AGGRESSIVE;
				CLANG_CXX_LANGUAGE_STANDARD = "gnu++14";
				CLANG_CXX_LIBRARY = "libc++";
				CLANG_ENABLE_MODULES = YES;
				CLANG_ENABLE_OBJC_ARC = YES;
				CLANG_ENABLE_OBJC_WEAK = YES;
				CLANG_WARN_BLOCK_CAPTURE_AUTORELEASING = YES;
				CLANG_WARN_BOOL_CONVERSION = YES;
				CLANG_WARN_COMMA = YES;
				CLANG_WARN_CONSTANT_CONVERSION = YES;
				CLANG_WARN_DEPRECATED_OBJC_IMPLEMENTATIONS = YES;
				CLANG_WARN_DIRECT_OBJC_ISA_USAGE = YES_ERROR;
				CLANG_WARN_DOCUMENTATION_COMMENTS = YES;
				CLANG_WARN_EMPTY_BODY = YES;
				CLANG_WARN_ENUM_CONVERSION = YES;
				CLANG_WARN_INFINITE_RECURSION = YES;
				CLANG_WARN_INT_CONVERSION = YES;
				CLANG_WARN_NON_LITERAL_NULL_CONVERSION = YES;
				CLANG_WARN_OBJC_IMPLICIT_RETAIN_SELF = YES;
				CLANG_WARN_OBJC_LITERAL_CONVERSION = YES;
				CLANG_WARN_OBJC_ROOT_CLASS = YES_ERROR;
				CLANG_WARN_RANGE_LOOP_ANALYSIS = YES;
				CLANG_WARN_STRICT_PROTOTYPES = YES;
				CLANG_WARN_SUSPICIOUS_MOVE = YES;
				CLANG_WARN_UNGUARDED_AVAILABILITY = YES_AGGRESSIVE;
				CLANG_WARN_UNREACHABLE_CODE = YES;
				CLANG_WARN__DUPLICATE_METHOD_MATCH = YES;
				CODE_SIGN_IDENTITY = "Mac Developer";
				COPY_PHASE_STRIP = NO;
				DEBUG_INFORMATION_FORMAT = dwarf;
				ENABLE_STRICT_OBJC_MSGSEND = YES;
				ENABLE_TESTABILITY = YES;
				GCC_C_LANGUAGE_STANDARD = gnu11;
				GCC_DYNAMIC_NO_PIC = NO;
				GCC_NO_COMMON_BLOCKS = YES;
				GCC_OPTIMIZATION_LEVEL = 0;
				GCC_PREPROCESSOR_DEFINITIONS = (
					"DEBUG=1",
					"$(inherited)",
				);
				GCC_WARN_64_TO_32_BIT_CONVERSION = YES;
				GCC_WARN_ABOUT_RETURN_TYPE = YES_ERROR;
				GCC_WARN_UNDECLARED_SELECTOR = YES;
				GCC_WARN_UNINITIALIZED_AUTOS = YES_AGGRESSIVE;
				GCC_WARN_UNUSED_FUNCTION = YES;
				GCC_WARN_UNUSED_VARIABLE = YES;
				MACOSX_DEPLOYMENT_TARGET = 10.14;
				MTL_ENABLE_DEBUG_INFO = INCLUDE_SOURCE;
				MTL_FAST_MATH = YES;
				ONLY_ACTIVE_ARCH = YES;
				SDKROOT = macosx;
				SWIFT_ACTIVE_COMPILATION_CONDITIONS = DEBUG;
				SWIFT_OPTIMIZATION_LEVEL = "-Onone";
			};
			name = Debug;
		};
		8DCDB1E02243E151009F5F06 /* Release */ = {
			isa = XCBuildConfiguration;
			buildSettings = {
				ALWAYS_SEARCH_USER_PATHS = NO;
				CLANG_ANALYZER_NONNULL = YES;
				CLANG_ANALYZER_NUMBER_OBJECT_CONVERSION = YES_AGGRESSIVE;
				CLANG_CXX_LANGUAGE_STANDARD = "gnu++14";
				CLANG_CXX_LIBRARY = "libc++";
				CLANG_ENABLE_MODULES = YES;
				CLANG_ENABLE_OBJC_ARC = YES;
				CLANG_ENABLE_OBJC_WEAK = YES;
				CLANG_WARN_BLOCK_CAPTURE_AUTORELEASING = YES;
				CLANG_WARN_BOOL_CONVERSION = YES;
				CLANG_WARN_COMMA = YES;
				CLANG_WARN_CONSTANT_CONVERSION = YES;
				CLANG_WARN_DEPRECATED_OBJC_IMPLEMENTATIONS = YES;
				CLANG_WARN_DIRECT_OBJC_ISA_USAGE = YES_ERROR;
				CLANG_WARN_DOCUMENTATION_COMMENTS = YES;
				CLANG_WARN_EMPTY_BODY = YES;
				CLANG_WARN_ENUM_CONVERSION = YES;
				CLANG_WARN_INFINITE_RECURSION = YES;
				CLANG_WARN_INT_CONVERSION = YES;
				CLANG_WARN_NON_LITERAL_NULL_CONVERSION = YES;
				CLANG_WARN_OBJC_IMPLICIT_RETAIN_SELF = YES;
				CLANG_WARN_OBJC_LITERAL_CONVERSION = YES;
				CLANG_WARN_OBJC_ROOT_CLASS = YES_ERROR;
				CLANG_WARN_RANGE_LOOP_ANALYSIS = YES;
				CLANG_WARN_STRICT_PROTOTYPES = YES;
				CLANG_WARN_SUSPICIOUS_MOVE = YES;
				CLANG_WARN_UNGUARDED_AVAILABILITY = YES_AGGRESSIVE;
				CLANG_WARN_UNREACHABLE_CODE = YES;
				CLANG_WARN__DUPLICATE_METHOD_MATCH = YES;
				CODE_SIGN_IDENTITY = "Mac Developer";
				COPY_PHASE_STRIP = NO;
				DEBUG_INFORMATION_FORMAT = "dwarf-with-dsym";
				ENABLE_NS_ASSERTIONS = NO;
				ENABLE_STRICT_OBJC_MSGSEND = YES;
				GCC_C_LANGUAGE_STANDARD = gnu11;
				GCC_NO_COMMON_BLOCKS = YES;
				GCC_WARN_64_TO_32_BIT_CONVERSION = YES;
				GCC_WARN_ABOUT_RETURN_TYPE = YES_ERROR;
				GCC_WARN_UNDECLARED_SELECTOR = YES;
				GCC_WARN_UNINITIALIZED_AUTOS = YES_AGGRESSIVE;
				GCC_WARN_UNUSED_FUNCTION = YES;
				GCC_WARN_UNUSED_VARIABLE = YES;
				MACOSX_DEPLOYMENT_TARGET = 10.14;
				MTL_ENABLE_DEBUG_INFO = NO;
				MTL_FAST_MATH = YES;
				SDKROOT = macosx;
				SWIFT_COMPILATION_MODE = wholemodule;
				SWIFT_OPTIMIZATION_LEVEL = "-O";
			};
			name = Release;
		};
		8DCDB1E22243E151009F5F06 /* Debug */ = {
			isa = XCBuildConfiguration;
			buildSettings = {
				ASSETCATALOG_COMPILER_APPICON_NAME = AppIcon;
				CODE_SIGN_ENTITLEMENTS = "";
				CODE_SIGN_IDENTITY = "-";
				CODE_SIGN_STYLE = Manual;
				COMBINE_HIDPI_IMAGES = YES;
				DEVELOPMENT_TEAM = "";
				INFOPLIST_FILE = "Git Branch Naming Creator/Resources/Info.plist";
				LD_RUNPATH_SEARCH_PATHS = (
					"$(inherited)",
					"@executable_path/../Frameworks",
				);
				PRODUCT_BUNDLE_IDENTIFIER = "Halushka.Git-Branch-Naming-Creator";
				PRODUCT_NAME = "$(TARGET_NAME)";
				PROVISIONING_PROFILE_SPECIFIER = "";
				SWIFT_VERSION = 5.0;
			};
			name = Debug;
		};
		8DCDB1E32243E151009F5F06 /* Release */ = {
			isa = XCBuildConfiguration;
			buildSettings = {
				ASSETCATALOG_COMPILER_APPICON_NAME = AppIcon;
				CODE_SIGN_ENTITLEMENTS = "";
				CODE_SIGN_IDENTITY = "-";
				CODE_SIGN_STYLE = Manual;
				COMBINE_HIDPI_IMAGES = YES;
				DEVELOPMENT_TEAM = "";
				INFOPLIST_FILE = "Git Branch Naming Creator/Resources/Info.plist";
				LD_RUNPATH_SEARCH_PATHS = (
					"$(inherited)",
					"@executable_path/../Frameworks",
				);
				PRODUCT_BUNDLE_IDENTIFIER = "Halushka.Git-Branch-Naming-Creator";
				PRODUCT_NAME = "$(TARGET_NAME)";
				PROVISIONING_PROFILE_SPECIFIER = "";
				SWIFT_VERSION = 5.0;
			};
			name = Release;
		};
/* End XCBuildConfiguration section */

/* Begin XCConfigurationList section */
		8D1A50592244DBBD00C36C66 /* Build configuration list for PBXNativeTarget "Git Branch Naming Creator Tests" */ = {
			isa = XCConfigurationList;
			buildConfigurations = (
				8D1A505A2244DBBD00C36C66 /* Debug */,
				8D1A505B2244DBBD00C36C66 /* Release */,
			);
			defaultConfigurationIsVisible = 0;
			defaultConfigurationName = Release;
		};
		8DCDB1CC2243E14F009F5F06 /* Build configuration list for PBXProject "Git Branch Naming Creator" */ = {
			isa = XCConfigurationList;
			buildConfigurations = (
				8DCDB1DF2243E151009F5F06 /* Debug */,
				8DCDB1E02243E151009F5F06 /* Release */,
			);
			defaultConfigurationIsVisible = 0;
			defaultConfigurationName = Release;
		};
		8DCDB1E12243E151009F5F06 /* Build configuration list for PBXNativeTarget "Git Branch Naming Creator" */ = {
			isa = XCConfigurationList;
			buildConfigurations = (
				8DCDB1E22243E151009F5F06 /* Debug */,
				8DCDB1E32243E151009F5F06 /* Release */,
			);
			defaultConfigurationIsVisible = 0;
			defaultConfigurationName = Release;
		};
/* End XCConfigurationList section */
	};
	rootObject = 8DCDB1C92243E14F009F5F06 /* Project object */;
}
